// !$*UTF8*$!
{
	archiveVersion = 1;
	classes = {
	};
	objectVersion = 46;
	objects = {

/* Begin PBXBuildFile section */
		198D5ACF1A21CFCE000BC040 /* main.m in Sources */ = {isa = PBXBuildFile; fileRef = 198D5ACE1A21CFCE000BC040 /* main.m */; };
		198D5AD21A21CFCE000BC040 /* AppDelegate.m in Sources */ = {isa = PBXBuildFile; fileRef = 198D5AD11A21CFCE000BC040 /* AppDelegate.m */; };
		198D5AD51A21CFCE000BC040 /* ViewController.m in Sources */ = {isa = PBXBuildFile; fileRef = 198D5AD41A21CFCE000BC040 /* ViewController.m */; };
		198D5ADA1A21CFCE000BC040 /* Images.xcassets in Resources */ = {isa = PBXBuildFile; fileRef = 198D5AD91A21CFCE000BC040 /* Images.xcassets */; };
		198D5ADD1A21CFCE000BC040 /* LaunchScreen.xib in Resources */ = {isa = PBXBuildFile; fileRef = 198D5ADB1A21CFCE000BC040 /* LaunchScreen.xib */; };
		198D5AE91A21CFCE000BC040 /* TouchIDIssueTests.m in Sources */ = {isa = PBXBuildFile; fileRef = 198D5AE81A21CFCE000BC040 /* TouchIDIssueTests.m */; };
/* End PBXBuildFile section */

/* Begin PBXContainerItemProxy section */
		198D5AE31A21CFCE000BC040 /* PBXContainerItemProxy */ = {
			isa = PBXContainerItemProxy;
			containerPortal = 198D5AC11A21CFCE000BC040 /* Project object */;
			proxyType = 1;
			remoteGlobalIDString = 198D5AC81A21CFCE000BC040;
			remoteInfo = TouchIDIssue;
		};
/* End PBXContainerItemProxy section */

/* Begin PBXFileReference section */
		198D5AC91A21CFCE000BC040 /* TouchIDIssue.app */ = {isa = PBXFileReference; explicitFileType = wrapper.application; includeInIndex = 0; path = TouchIDIssue.app; sourceTree = BUILT_PRODUCTS_DIR; };
		198D5ACD1A21CFCE000BC040 /* Info.plist */ = {isa = PBXFileReference; lastKnownFileType = text.plist.xml; path = Info.plist; sourceTree = "<group>"; };
		198D5ACE1A21CFCE000BC040 /* main.m */ = {isa = PBXFileReference; lastKnownFileType = sourcecode.c.objc; path = main.m; sourceTree = "<group>"; };
		198D5AD01A21CFCE000BC040 /* AppDelegate.h */ = {isa = PBXFileReference; lastKnownFileType = sourcecode.c.h; path = AppDelegate.h; sourceTree = "<group>"; };
		198D5AD11A21CFCE000BC040 /* AppDelegate.m */ = {isa = PBXFileReference; lastKnownFileType = sourcecode.c.objc; path = AppDelegate.m; sourceTree = "<group>"; };
		198D5AD31A21CFCE000BC040 /* ViewController.h */ = {isa = PBXFileReference; lastKnownFileType = sourcecode.c.h; path = ViewController.h; sourceTree = "<group>"; };
		198D5AD41A21CFCE000BC040 /* ViewController.m */ = {isa = PBXFileReference; lastKnownFileType = sourcecode.c.objc; path = ViewController.m; sourceTree = "<group>"; };
		198D5AD91A21CFCE000BC040 /* Images.xcassets */ = {isa = PBXFileReference; lastKnownFileType = folder.assetcatalog; path = Images.xcassets; sourceTree = "<group>"; };
		198D5ADC1A21CFCE000BC040 /* Base */ = {isa = PBXFileReference; lastKnownFileType = file.xib; name = Base; path = Base.lproj/LaunchScreen.xib; sourceTree = "<group>"; };
		198D5AE21A21CFCE000BC040 /* TouchIDIssueTests.xctest */ = {isa = PBXFileReference; explicitFileType = wrapper.cfbundle; includeInIndex = 0; path = TouchIDIssueTests.xctest; sourceTree = BUILT_PRODUCTS_DIR; };
		198D5AE71A21CFCE000BC040 /* Info.plist */ = {isa = PBXFileReference; lastKnownFileType = text.plist.xml; path = Info.plist; sourceTree = "<group>"; };
		198D5AE81A21CFCE000BC040 /* TouchIDIssueTests.m */ = {isa = PBXFileReference; lastKnownFileType = sourcecode.c.objc; path = TouchIDIssueTests.m; sourceTree = "<group>"; };
/* End PBXFileReference section */

/* Begin PBXFrameworksBuildPhase section */
		198D5AC61A21CFCE000BC040 /* Frameworks */ = {
			isa = PBXFrameworksBuildPhase;
			buildActionMask = 2147483647;
			files = (
			);
			runOnlyForDeploymentPostprocessing = 0;
		};
		198D5ADF1A21CFCE000BC040 /* Frameworks */ = {
			isa = PBXFrameworksBuildPhase;
			buildActionMask = 2147483647;
			files = (
			);
			runOnlyForDeploymentPostprocessing = 0;
		};
/* End PBXFrameworksBuildPhase section */

/* Begin PBXGroup section */
		198D5AC01A21CFCE000BC040 = {
			isa = PBXGroup;
			children = (
				198D5ACB1A21CFCE000BC040 /* TouchIDIssue */,
				198D5AE51A21CFCE000BC040 /* TouchIDIssueTests */,
				198D5ACA1A21CFCE000BC040 /* Products */,
			);
			sourceTree = "<group>";
		};
		198D5ACA1A21CFCE000BC040 /* Products */ = {
			isa = PBXGroup;
			children = (
				198D5AC91A21CFCE000BC040 /* TouchIDIssue.app */,
				198D5AE21A21CFCE000BC040 /* TouchIDIssueTests.xctest */,
			);
			name = Products;
			sourceTree = "<group>";
		};
		198D5ACB1A21CFCE000BC040 /* TouchIDIssue */ = {
			isa = PBXGroup;
			children = (
				198D5AD01A21CFCE000BC040 /* AppDelegate.h */,
				198D5AD11A21CFCE000BC040 /* AppDelegate.m */,
				198D5AD31A21CFCE000BC040 /* ViewController.h */,
				198D5AD41A21CFCE000BC040 /* ViewController.m */,
				198D5AD91A21CFCE000BC040 /* Images.xcassets */,
				198D5ADB1A21CFCE000BC040 /* LaunchScreen.xib */,
				198D5ACC1A21CFCE000BC040 /* Supporting Files */,
			);
			path = TouchIDIssue;
			sourceTree = "<group>";
		};
		198D5ACC1A21CFCE000BC040 /* Supporting Files */ = {
			isa = PBXGroup;
			children = (
				198D5ACD1A21CFCE000BC040 /* Info.plist */,
				198D5ACE1A21CFCE000BC040 /* main.m */,
			);
			name = "Supporting Files";
			sourceTree = "<group>";
		};
		198D5AE51A21CFCE000BC040 /* TouchIDIssueTests */ = {
			isa = PBXGroup;
			children = (
				198D5AE81A21CFCE000BC040 /* TouchIDIssueTests.m */,
				198D5AE61A21CFCE000BC040 /* Supporting Files */,
			);
			path = TouchIDIssueTests;
			sourceTree = "<group>";
		};
		198D5AE61A21CFCE000BC040 /* Supporting Files */ = {
			isa = PBXGroup;
			children = (
				198D5AE71A21CFCE000BC040 /* Info.plist */,
			);
			name = "Supporting Files";
			sourceTree = "<group>";
		};
/* End PBXGroup section */

/* Begin PBXNativeTarget section */
		198D5AC81A21CFCE000BC040 /* TouchIDIssue */ = {
			isa = PBXNativeTarget;
			buildConfigurationList = 198D5AEC1A21CFCE000BC040 /* Build configuration list for PBXNativeTarget "TouchIDIssue" */;
			buildPhases = (
				198D5AC51A21CFCE000BC040 /* Sources */,
				198D5AC61A21CFCE000BC040 /* Frameworks */,
				198D5AC71A21CFCE000BC040 /* Resources */,
			);
			buildRules = (
			);
			dependencies = (
			);
			name = TouchIDIssue;
			productName = TouchIDIssue;
			productReference = 198D5AC91A21CFCE000BC040 /* TouchIDIssue.app */;
			productType = "com.apple.product-type.application";
		};
		198D5AE11A21CFCE000BC040 /* TouchIDIssueTests */ = {
			isa = PBXNativeTarget;
			buildConfigurationList = 198D5AEF1A21CFCE000BC040 /* Build configuration list for PBXNativeTarget "TouchIDIssueTests" */;
			buildPhases = (
				198D5ADE1A21CFCE000BC040 /* Sources */,
				198D5ADF1A21CFCE000BC040 /* Frameworks */,
				198D5AE01A21CFCE000BC040 /* Resources */,
			);
			buildRules = (
			);
			dependencies = (
				198D5AE41A21CFCE000BC040 /* PBXTargetDependency */,
			);
			name = TouchIDIssueTests;
			productName = TouchIDIssueTests;
			productReference = 198D5AE21A21CFCE000BC040 /* TouchIDIssueTests.xctest */;
			productType = "com.apple.product-type.bundle.unit-test";
		};
/* End PBXNativeTarget section */

/* Begin PBXProject section */
		198D5AC11A21CFCE000BC040 /* Project object */ = {
			isa = PBXProject;
			attributes = {
				LastUpgradeCheck = 0610;
				ORGANIZATIONNAME = iLegendSoft;
				TargetAttributes = {
					198D5AC81A21CFCE000BC040 = {
						CreatedOnToolsVersion = 6.1;
					};
					198D5AE11A21CFCE000BC040 = {
						CreatedOnToolsVersion = 6.1;
						TestTargetID = 198D5AC81A21CFCE000BC040;
					};
				};
			};
			buildConfigurationList = 198D5AC41A21CFCE000BC040 /* Build configuration list for PBXProject "TouchIDIssue" */;
			compatibilityVersion = "Xcode 3.2";
			developmentRegion = English;
			hasScannedForEncodings = 0;
			knownRegions = (
				en,
				Base,
			);
			mainGroup = 198D5AC01A21CFCE000BC040;
			productRefGroup = 198D5ACA1A21CFCE000BC040 /* Products */;
			projectDirPath = "";
			projectRoot = "";
			targets = (
				198D5AC81A21CFCE000BC040 /* TouchIDIssue */,
				198D5AE11A21CFCE000BC040 /* TouchIDIssueTests */,
			);
		};
/* End PBXProject section */

/* Begin PBXResourcesBuildPhase section */
		198D5AC71A21CFCE000BC040 /* Resources */ = {
			isa = PBXResourcesBuildPhase;
			buildActionMask = 2147483647;
			files = (
				198D5ADD1A21CFCE000BC040 /* LaunchScreen.xib in Resources */,
				198D5ADA1A21CFCE000BC040 /* Images.xcassets in Resources */,
			);
			runOnlyForDeploymentPostprocessing = 0;
		};
		198D5AE01A21CFCE000BC040 /* Resources */ = {
			isa = PBXResourcesBuildPhase;
			buildActionMask = 2147483647;
			files = (
			);
			runOnlyForDeploymentPostprocessing = 0;
		};
/* End PBXResourcesBuildPhase section */

/* Begin PBXSourcesBuildPhase section */
		198D5AC51A21CFCE000BC040 /* Sources */ = {
			isa = PBXSourcesBuildPhase;
			buildActionMask = 2147483647;
			files = (
				198D5AD51A21CFCE000BC040 /* ViewController.m in Sources */,
				198D5AD21A21CFCE000BC040 /* AppDelegate.m in Sources */,
				198D5ACF1A21CFCE000BC040 /* main.m in Sources */,
			);
			runOnlyForDeploymentPostprocessing = 0;
		};
		198D5ADE1A21CFCE000BC040 /* Sources */ = {
			isa = PBXSourcesBuildPhase;
			buildActionMask = 2147483647;
			files = (
				198D5AE91A21CFCE000BC040 /* TouchIDIssueTests.m in Sources */,
			);
			runOnlyForDeploymentPostprocessing = 0;
		};
/* End PBXSourcesBuildPhase section */

/* Begin PBXTargetDependency section */
		198D5AE41A21CFCE000BC040 /* PBXTargetDependency */ = {
			isa = PBXTargetDependency;
			target = 198D5AC81A21CFCE000BC040 /* TouchIDIssue */;
			targetProxy = 198D5AE31A21CFCE000BC040 /* PBXContainerItemProxy */;
		};
/* End PBXTargetDependency section */

/* Begin PBXVariantGroup section */
		198D5ADB1A21CFCE000BC040 /* LaunchScreen.xib */ = {
			isa = PBXVariantGroup;
			children = (
				198D5ADC1A21CFCE000BC040 /* Base */,
			);
			name = LaunchScreen.xib;
			sourceTree = "<group>";
		};
/* End PBXVariantGroup section */

/* Begin XCBuildConfiguration section */
		198D5AEA1A21CFCE000BC040 /* Debug */ = {
			isa = XCBuildConfiguration;
			buildSettings = {
				ALWAYS_SEARCH_USER_PATHS = NO;
				CLANG_CXX_LANGUAGE_STANDARD = "gnu++0x";
				CLANG_CXX_LIBRARY = "libc++";
				CLANG_ENABLE_MODULES = YES;
				CLANG_ENABLE_OBJC_ARC = YES;
				CLANG_WARN_BOOL_CONVERSION = YES;
				CLANG_WARN_CONSTANT_CONVERSION = YES;
				CLANG_WARN_DIRECT_OBJC_ISA_USAGE = YES_ERROR;
				CLANG_WARN_EMPTY_BODY = YES;
				CLANG_WARN_ENUM_CONVERSION = YES;
				CLANG_WARN_INT_CONVERSION = YES;
				CLANG_WARN_OBJC_ROOT_CLASS = YES_ERROR;
				CLANG_WARN_UNREACHABLE_CODE = YES;
				CLANG_WARN__DUPLICATE_METHOD_MATCH = YES;
				"CODE_SIGN_IDENTITY[sdk=iphoneos*]" = "iPhone Developer";
				COPY_PHASE_STRIP = NO;
				ENABLE_STRICT_OBJC_MSGSEND = YES;
				GCC_C_LANGUAGE_STANDARD = gnu99;
				GCC_DYNAMIC_NO_PIC = NO;
				GCC_OPTIMIZATION_LEVEL = 0;
				GCC_PREPROCESSOR_DEFINITIONS = (
					"DEBUG=1",
					"$(inherited)",
				);
				GCC_SYMBOLS_PRIVATE_EXTERN = NO;
				GCC_WARN_64_TO_32_BIT_CONVERSION = YES;
				GCC_WARN_ABOUT_RETURN_TYPE = YES_ERROR;
				GCC_WARN_UNDECLARED_SELECTOR = YES;
				GCC_WARN_UNINITIALIZED_AUTOS = YES_AGGRESSIVE;
				GCC_WARN_UNUSED_FUNCTION = YES;
				GCC_WARN_UNUSED_VARIABLE = YES;
				IPHONEOS_DEPLOYMENT_TARGET = 8.1;
				MTL_ENABLE_DEBUG_INFO = YES;
				ONLY_ACTIVE_ARCH = YES;
				SDKROOT = iphoneos;
				TARGETED_DEVICE_FAMILY = "1,2";
			};
			name = Debug;
		};
		198D5AEB1A21CFCE000BC040 /* Release */ = {
			isa = XCBuildConfiguration;
			buildSettings = {
				ALWAYS_SEARCH_USER_PATHS = NO;
				CLANG_CXX_LANGUAGE_STANDARD = "gnu++0x";
				CLANG_CXX_LIBRARY = "libc++";
				CLANG_ENABLE_MODULES = YES;
				CLANG_ENABLE_OBJC_ARC = YES;
				CLANG_WARN_BOOL_CONVERSION = YES;
				CLANG_WARN_CONSTANT_CONVERSION = YES;
				CLANG_WARN_DIRECT_OBJC_ISA_USAGE = YES_ERROR;
				CLANG_WARN_EMPTY_BODY = YES;
				CLANG_WARN_ENUM_CONVERSION = YES;
				CLANG_WARN_INT_CONVERSION = YES;
				CLANG_WARN_OBJC_ROOT_CLASS = YES_ERROR;
				CLANG_WARN_UNREACHABLE_CODE = YES;
				CLANG_WARN__DUPLICATE_METHOD_MATCH = YES;
				"CODE_SIGN_IDENTITY[sdk=iphoneos*]" = "iPhone Developer";
				COPY_PHASE_STRIP = YES;
				ENABLE_NS_ASSERTIONS = NO;
				ENABLE_STRICT_OBJC_MSGSEND = YES;
				GCC_C_LANGUAGE_STANDARD = gnu99;
				GCC_WARN_64_TO_32_BIT_CONVERSION = YES;
				GCC_WARN_ABOUT_RETURN_TYPE = YES_ERROR;
				GCC_WARN_UNDECLARED_SELECTOR = YES;
				GCC_WARN_UNINITIALIZED_AUTOS = YES_AGGRESSIVE;
				GCC_WARN_UNUSED_FUNCTION = YES;
				GCC_WARN_UNUSED_VARIABLE = YES;
				IPHONEOS_DEPLOYMENT_TARGET = 8.1;
				MTL_ENABLE_DEBUG_INFO = NO;
				SDKROOT = iphoneos;
				TARGETED_DEVICE_FAMILY = "1,2";
				VALIDATE_PRODUCT = YES;
			};
			name = Release;
		};
		198D5AED1A21CFCE000BC040 /* Debug */ = {
			isa = XCBuildConfiguration;
			buildSettings = {
				ASSETCATALOG_COMPILER_APPICON_NAME = AppIcon;
				INFOPLIST_FILE = TouchIDIssue/Info.plist;
				LD_RUNPATH_SEARCH_PATHS = "$(inherited) @executable_path/Frameworks";
				PRODUCT_NAME = "$(TARGET_NAME)";
			};
			name = Debug;
		};
		198D5AEE1A21CFCE000BC040 /* Release */ = {
			isa = XCBuildConfiguration;
			buildSettings = {
				ASSETCATALOG_COMPILER_APPICON_NAME = AppIcon;
				INFOPLIST_FILE = TouchIDIssue/Info.plist;
				LD_RUNPATH_SEARCH_PATHS = "$(inherited) @executable_path/Frameworks";
				PRODUCT_NAME = "$(TARGET_NAME)";
			};
			name = Release;
		};
		198D5AF01A21CFCE000BC040 /* Debug */ = {
			isa = XCBuildConfiguration;
			buildSettings = {
				BUNDLE_LOADER = "$(TEST_HOST)";
				FRAMEWORK_SEARCH_PATHS = (
					"$(SDKROOT)/Developer/Library/Frameworks",
					"$(inherited)",
				);
				GCC_PREPROCESSOR_DEFINITIONS = (
					"DEBUG=1",
					"$(inherited)",
				);
				INFOPLIST_FILE = TouchIDIssueTests/Info.plist;
				LD_RUNPATH_SEARCH_PATHS = "$(inherited) @executable_path/Frameworks @loader_path/Frameworks";
				PRODUCT_NAME = "$(TARGET_NAME)";
				TEST_HOST = "$(BUILT_PRODUCTS_DIR)/TouchIDIssue.app/TouchIDIssue";
			};
			name = Debug;
		};
		198D5AF11A21CFCE000BC040 /* Release */ = {
			isa = XCBuildConfiguration;
			buildSettings = {
				BUNDLE_LOADER = "$(TEST_HOST)";
				FRAMEWORK_SEARCH_PATHS = (
					"$(SDKROOT)/Developer/Library/Frameworks",
					"$(inherited)",
				);
				INFOPLIST_FILE = TouchIDIssueTests/Info.plist;
				LD_RUNPATH_SEARCH_PATHS = "$(inherited) @executable_path/Frameworks @loader_path/Frameworks";
				PRODUCT_NAME = "$(TARGET_NAME)";
				TEST_HOST = "$(BUILT_PRODUCTS_DIR)/TouchIDIssue.app/TouchIDIssue";
			};
			name = Release;
		};
/* End XCBuildConfiguration section */

/* Begin XCConfigurationList section */
		198D5AC41A21CFCE000BC040 /* Build configuration list for PBXProject "TouchIDIssue" */ = {
			isa = XCConfigurationList;
			buildConfigurations = (
				198D5AEA1A21CFCE000BC040 /* Debug */,
				198D5AEB1A21CFCE000BC040 /* Release */,
			);
			defaultConfigurationIsVisible = 0;
			defaultConfigurationName = Release;
		};
		198D5AEC1A21CFCE000BC040 /* Build configuration list for PBXNativeTarget "TouchIDIssue" */ = {
			isa = XCConfigurationList;
			buildConfigurations = (
				198D5AED1A21CFCE000BC040 /* Debug */,
				198D5AEE1A21CFCE000BC040 /* Release */,
			);
			defaultConfigurationIsVisible = 0;
		};
		198D5AEF1A21CFCE000BC040 /* Build configuration list for PBXNativeTarget "TouchIDIssueTests" */ = {
			isa = XCConfigurationList;
			buildConfigurations = (
				198D5AF01A21CFCE000BC040 /* Debug */,
				198D5AF11A21CFCE000BC040 /* Release */,
			);
			defaultConfigurationIsVisible = 0;
		};
/* End XCConfigurationList section */
	};
	rootObject = 198D5AC11A21CFCE000BC040 /* Project object */;
}
